
Microsoft Visual Studio Solution File, Format Version 12.00
# Visual Studio Version 17
VisualStudioVersion = 17.0.31903.59
MinimumVisualStudioVersion = 10.0.40219.1
Project("{FAE04EC0-301F-11D3-BF4B-00C04F79EFBC}") = "Api", "BoardApi\Api\Api.csproj", "{1388F846-9655-4820-8963-55E2A1475F3C}"
EndProject
Project("{FAE04EC0-301F-11D3-BF4B-00C04F79EFBC}") = "Domain", "Domain\Domain.csproj", "{8ABB38BA-792B-4E24-B626-59F809B748E1}"
EndProject
Project("{FAE04EC0-301F-11D3-BF4B-00C04F79EFBC}") = "Infrastructure", "Infrastructure\Infrastructure.csproj", "{E7482B74-D774-4AD5-9425-A22792D55D05}"
EndProject
Global
	GlobalSection(SolutionConfigurationPlatforms) = preSolution
		Debug|Any CPU = Debug|Any CPU
		Release|Any CPU = Release|Any CPU
	EndGlobalSection
	GlobalSection(SolutionProperties) = preSolution
		HideSolutionNode = FALSE
	EndGlobalSection
	GlobalSection(ProjectConfigurationPlatforms) = postSolution
		{1388F846-9655-4820-8963-55E2A1475F3C}.Debug|Any CPU.ActiveCfg = Debug|Any CPU
		{1388F846-9655-4820-8963-55E2A1475F3C}.Debug|Any CPU.Build.0 = Debug|Any CPU
		{1388F846-9655-4820-8963-55E2A1475F3C}.Release|Any CPU.ActiveCfg = Release|Any CPU
		{1388F846-9655-4820-8963-55E2A1475F3C}.Release|Any CPU.Build.0 = Release|Any CPU
		{8ABB38BA-792B-4E24-B626-59F809B748E1}.Debug|Any CPU.ActiveCfg = Debug|Any CPU
		{8ABB38BA-792B-4E24-B626-59F809B748E1}.Debug|Any CPU.Build.0 = Debug|Any CPU
		{8ABB38BA-792B-4E24-B626-59F809B748E1}.Release|Any CPU.ActiveCfg = Release|Any CPU
		{8ABB38BA-792B-4E24-B626-59F809B748E1}.Release|Any CPU.Build.0 = Release|Any CPU
		{E7482B74-D774-4AD5-9425-A22792D55D05}.Debug|Any CPU.ActiveCfg = Debug|Any CPU
		{E7482B74-D774-4AD5-9425-A22792D55D05}.Debug|Any CPU.Build.0 = Debug|Any CPU
		{E7482B74-D774-4AD5-9425-A22792D55D05}.Release|Any CPU.ActiveCfg = Release|Any CPU
		{E7482B74-D774-4AD5-9425-A22792D55D05}.Release|Any CPU.Build.0 = Release|Any CPU
	EndGlobalSection
EndGlobal
